
Microsoft Visual Studio Solution File, Format Version 12.00
# Visual Studio Version 17
VisualStudioVersion = 17.9.34622.214
MinimumVisualStudioVersion = 10.0.40219.1
Project("{9A19103F-16F7-4668-BE54-9A1E7A4F7556}") = "Acme.Temperature", "Acme.Temperature.csproj", "{CF73B1AF-CBD9-4786-B550-E6EC52DC2549}"
EndProject
Project("{FAE04EC0-301F-11D3-BF4B-00C04F79EFBC}") = "Acme.Temperature.UnitTests", "..\Acme.Temperature.UnitTests\Acme.Temperature.UnitTests.csproj", "{CF7BE825-46CE-4B66-97E5-66D282DE7DCF}"
EndProject
Global
	GlobalSection(SolutionConfigurationPlatforms) = preSolution
		Debug|Any CPU = Debug|Any CPU
		Release|Any CPU = Release|Any CPU
	EndGlobalSection
	GlobalSection(ProjectConfigurationPlatforms) = postSolution
		{CF73B1AF-CBD9-4786-B550-E6EC52DC2549}.Debug|Any CPU.ActiveCfg = Debug|Any CPU
		{CF73B1AF-CBD9-4786-B550-E6EC52DC2549}.Debug|Any CPU.Build.0 = Debug|Any CPU
		{CF73B1AF-CBD9-4786-B550-E6EC52DC2549}.Release|Any CPU.ActiveCfg = Release|Any CPU
		{CF73B1AF-CBD9-4786-B550-E6EC52DC2549}.Release|Any CPU.Build.0 = Release|Any CPU
		{CF7BE825-46CE-4B66-97E5-66D282DE7DCF}.Debug|Any CPU.ActiveCfg = Debug|Any CPU
		{CF7BE825-46CE-4B66-97E5-66D282DE7DCF}.Debug|Any CPU.Build.0 = Debug|Any CPU
		{CF7BE825-46CE-4B66-97E5-66D282DE7DCF}.Release|Any CPU.ActiveCfg = Release|Any CPU
		{CF7BE825-46CE-4B66-97E5-66D282DE7DCF}.Release|Any CPU.Build.0 = Release|Any CPU
	EndGlobalSection
	GlobalSection(SolutionProperties) = preSolution
		HideSolutionNode = FALSE
	EndGlobalSection
	GlobalSection(ExtensibilityGlobals) = postSolution
		SolutionGuid = {6C5174C6-2AA7-44E7-AEAA-C98512786A87}
	EndGlobalSection
EndGlobal
